
Microsoft Visual Studio Solution File, Format Version 12.00
# Visual Studio Version 16
VisualStudioVersion = 16.0.29424.173
MinimumVisualStudioVersion = 10.0.40219.1
Project("{FAE04EC0-301F-11D3-BF4B-00C04F79EFBC}") = "WebApplication", "WebApplication\WebApplication.csproj", "{7C249C7A-0783-4671-8155-23D48A12B493}"
EndProject
Global
	GlobalSection(SolutionConfigurationPlatforms) = preSolution
		Debug|Any CPU = Debug|Any CPU
		Release|Any CPU = Release|Any CPU
	EndGlobalSection
	GlobalSection(ProjectConfigurationPlatforms) = postSolution
		{7C249C7A-0783-4671-8155-23D48A12B493}.Debug|Any CPU.ActiveCfg = Debug|Any CPU
		{7C249C7A-0783-4671-8155-23D48A12B493}.Debug|Any CPU.Build.0 = Debug|Any CPU
		{7C249C7A-0783-4671-8155-23D48A12B493}.Release|Any CPU.ActiveCfg = Release|Any CPU
		{7C249C7A-0783-4671-8155-23D48A12B493}.Release|Any CPU.Build.0 = Release|Any CPU
	EndGlobalSection
	GlobalSection(SolutionProperties) = preSolution
		HideSolutionNode = FALSE
	EndGlobalSection
	GlobalSection(ExtensibilityGlobals) = postSolution
		SolutionGuid = {A02D855E-9DD7-4B2F-A5A2-4DC2EC57E26B}
	EndGlobalSection
EndGlobal
