
Microsoft Visual Studio Solution File, Format Version 12.00
# Visual Studio Version 16
VisualStudioVersion = 16.0.29509.3
MinimumVisualStudioVersion = 10.0.40219.1
Project("{FAE04EC0-301F-11D3-BF4B-00C04F79EFBC}") = "Assignments 2", "Assignments 2\Assignments 2.csproj", "{65308DFE-AEF4-4A7B-99B6-3388853F282D}"
EndProject
Global
	GlobalSection(SolutionConfigurationPlatforms) = preSolution
		Debug|Any CPU = Debug|Any CPU
		Release|Any CPU = Release|Any CPU
	EndGlobalSection
	GlobalSection(ProjectConfigurationPlatforms) = postSolution
		{65308DFE-AEF4-4A7B-99B6-3388853F282D}.Debug|Any CPU.ActiveCfg = Debug|Any CPU
		{65308DFE-AEF4-4A7B-99B6-3388853F282D}.Debug|Any CPU.Build.0 = Debug|Any CPU
		{65308DFE-AEF4-4A7B-99B6-3388853F282D}.Release|Any CPU.ActiveCfg = Release|Any CPU
		{65308DFE-AEF4-4A7B-99B6-3388853F282D}.Release|Any CPU.Build.0 = Release|Any CPU
	EndGlobalSection
	GlobalSection(SolutionProperties) = preSolution
		HideSolutionNode = FALSE
	EndGlobalSection
	GlobalSection(ExtensibilityGlobals) = postSolution
		SolutionGuid = {1E0032CA-F349-4CC3-A113-C47E3FF0C627}
	EndGlobalSection
EndGlobal
